
Microsoft Visual Studio Solution File, Format Version 12.00
# Visual Studio 15
VisualStudioVersion = 15.0.26124.0
MinimumVisualStudioVersion = 15.0.26124.0
Project("{FAE04EC0-301F-11D3-BF4B-00C04F79EFBC}") = "Penguin.Web.Local", "Penguin.Web.Local.csproj", "{F9843149-2C95-46C6-8307-66145DFA9078}"
EndProject
Project("{FAE04EC0-301F-11D3-BF4B-00C04F79EFBC}") = "Penguin.SystemExtensions.Local", "..\Penguin.SystemExtensions\Penguin.SystemExtensions.Local.csproj", "{A28C7F7E-FD8C-471B-9C7F-3DE8F3CC5732}"
EndProject
Project("{FAE04EC0-301F-11D3-BF4B-00C04F79EFBC}") = "Penguin.SystemExtensions.Abstractions.Local", "..\Penguin.SystemExtensions.Abstractions\Penguin.SystemExtensions.Abstractions.Local.csproj", "{5C3169F5-4BA3-48F5-ADCE-8A2F1D34ECF6}"
EndProject
Project("{FAE04EC0-301F-11D3-BF4B-00C04F79EFBC}") = "Penguin.Web.Abstractions.Local", "..\Penguin.Web.Abstractions\Penguin.Web.Abstractions.Local.csproj", "{75297202-BD89-4423-A0A6-9C91789309BC}"
EndProject
Project("{FAE04EC0-301F-11D3-BF4B-00C04F79EFBC}") = "Penguin.Extensions.String.Local", "..\Penguin.Extensions.String\Penguin.Extensions.String.Local.csproj", "{81FC0E44-7C1F-43BE-A82D-1C14E17ADF4A}"
EndProject
Global
	GlobalSection(SolutionConfigurationPlatforms) = preSolution
		Debug|Any CPU = Debug|Any CPU
		Debug|x64 = Debug|x64
		Debug|x86 = Debug|x86
		Release|Any CPU = Release|Any CPU
		Release|x64 = Release|x64
		Release|x86 = Release|x86
	EndGlobalSection
	GlobalSection(SolutionProperties) = preSolution
		HideSolutionNode = FALSE
	EndGlobalSection
	GlobalSection(ProjectConfigurationPlatforms) = postSolution
		{F9843149-2C95-46C6-8307-66145DFA9078}.Debug|Any CPU.ActiveCfg = Debug|Any CPU
		{F9843149-2C95-46C6-8307-66145DFA9078}.Debug|Any CPU.Build.0 = Debug|Any CPU
		{F9843149-2C95-46C6-8307-66145DFA9078}.Debug|x64.ActiveCfg = Debug|Any CPU
		{F9843149-2C95-46C6-8307-66145DFA9078}.Debug|x64.Build.0 = Debug|Any CPU
		{F9843149-2C95-46C6-8307-66145DFA9078}.Debug|x86.ActiveCfg = Debug|Any CPU
		{F9843149-2C95-46C6-8307-66145DFA9078}.Debug|x86.Build.0 = Debug|Any CPU
		{F9843149-2C95-46C6-8307-66145DFA9078}.Release|Any CPU.ActiveCfg = Release|Any CPU
		{F9843149-2C95-46C6-8307-66145DFA9078}.Release|Any CPU.Build.0 = Release|Any CPU
		{F9843149-2C95-46C6-8307-66145DFA9078}.Release|x64.ActiveCfg = Release|Any CPU
		{F9843149-2C95-46C6-8307-66145DFA9078}.Release|x64.Build.0 = Release|Any CPU
		{F9843149-2C95-46C6-8307-66145DFA9078}.Release|x86.ActiveCfg = Release|Any CPU
		{F9843149-2C95-46C6-8307-66145DFA9078}.Release|x86.Build.0 = Release|Any CPU
		{A28C7F7E-FD8C-471B-9C7F-3DE8F3CC5732}.Debug|Any CPU.ActiveCfg = Debug|Any CPU
		{A28C7F7E-FD8C-471B-9C7F-3DE8F3CC5732}.Debug|Any CPU.Build.0 = Debug|Any CPU
		{A28C7F7E-FD8C-471B-9C7F-3DE8F3CC5732}.Debug|x64.ActiveCfg = Debug|Any CPU
		{A28C7F7E-FD8C-471B-9C7F-3DE8F3CC5732}.Debug|x64.Build.0 = Debug|Any CPU
		{A28C7F7E-FD8C-471B-9C7F-3DE8F3CC5732}.Debug|x86.ActiveCfg = Debug|Any CPU
		{A28C7F7E-FD8C-471B-9C7F-3DE8F3CC5732}.Debug|x86.Build.0 = Debug|Any CPU
		{A28C7F7E-FD8C-471B-9C7F-3DE8F3CC5732}.Release|Any CPU.ActiveCfg = Release|Any CPU
		{A28C7F7E-FD8C-471B-9C7F-3DE8F3CC5732}.Release|Any CPU.Build.0 = Release|Any CPU
		{A28C7F7E-FD8C-471B-9C7F-3DE8F3CC5732}.Release|x64.ActiveCfg = Release|Any CPU
		{A28C7F7E-FD8C-471B-9C7F-3DE8F3CC5732}.Release|x64.Build.0 = Release|Any CPU
		{A28C7F7E-FD8C-471B-9C7F-3DE8F3CC5732}.Release|x86.ActiveCfg = Release|Any CPU
		{A28C7F7E-FD8C-471B-9C7F-3DE8F3CC5732}.Release|x86.Build.0 = Release|Any CPU
		{5C3169F5-4BA3-48F5-ADCE-8A2F1D34ECF6}.Debug|Any CPU.ActiveCfg = Debug|Any CPU
		{5C3169F5-4BA3-48F5-ADCE-8A2F1D34ECF6}.Debug|Any CPU.Build.0 = Debug|Any CPU
		{5C3169F5-4BA3-48F5-ADCE-8A2F1D34ECF6}.Debug|x64.ActiveCfg = Debug|Any CPU
		{5C3169F5-4BA3-48F5-ADCE-8A2F1D34ECF6}.Debug|x64.Build.0 = Debug|Any CPU
		{5C3169F5-4BA3-48F5-ADCE-8A2F1D34ECF6}.Debug|x86.ActiveCfg = Debug|Any CPU
		{5C3169F5-4BA3-48F5-ADCE-8A2F1D34ECF6}.Debug|x86.Build.0 = Debug|Any CPU
		{5C3169F5-4BA3-48F5-ADCE-8A2F1D34ECF6}.Release|Any CPU.ActiveCfg = Release|Any CPU
		{5C3169F5-4BA3-48F5-ADCE-8A2F1D34ECF6}.Release|Any CPU.Build.0 = Release|Any CPU
		{5C3169F5-4BA3-48F5-ADCE-8A2F1D34ECF6}.Release|x64.ActiveCfg = Release|Any CPU
		{5C3169F5-4BA3-48F5-ADCE-8A2F1D34ECF6}.Release|x64.Build.0 = Release|Any CPU
		{5C3169F5-4BA3-48F5-ADCE-8A2F1D34ECF6}.Release|x86.ActiveCfg = Release|Any CPU
		{5C3169F5-4BA3-48F5-ADCE-8A2F1D34ECF6}.Release|x86.Build.0 = Release|Any CPU
		{75297202-BD89-4423-A0A6-9C91789309BC}.Debug|Any CPU.ActiveCfg = Debug|Any CPU
		{75297202-BD89-4423-A0A6-9C91789309BC}.Debug|Any CPU.Build.0 = Debug|Any CPU
		{75297202-BD89-4423-A0A6-9C91789309BC}.Debug|x64.ActiveCfg = Debug|Any CPU
		{75297202-BD89-4423-A0A6-9C91789309BC}.Debug|x64.Build.0 = Debug|Any CPU
		{75297202-BD89-4423-A0A6-9C91789309BC}.Debug|x86.ActiveCfg = Debug|Any CPU
		{75297202-BD89-4423-A0A6-9C91789309BC}.Debug|x86.Build.0 = Debug|Any CPU
		{75297202-BD89-4423-A0A6-9C91789309BC}.Release|Any CPU.ActiveCfg = Release|Any CPU
		{75297202-BD89-4423-A0A6-9C91789309BC}.Release|Any CPU.Build.0 = Release|Any CPU
		{75297202-BD89-4423-A0A6-9C91789309BC}.Release|x64.ActiveCfg = Release|Any CPU
		{75297202-BD89-4423-A0A6-9C91789309BC}.Release|x64.Build.0 = Release|Any CPU
		{75297202-BD89-4423-A0A6-9C91789309BC}.Release|x86.ActiveCfg = Release|Any CPU
		{75297202-BD89-4423-A0A6-9C91789309BC}.Release|x86.Build.0 = Release|Any CPU
		{81FC0E44-7C1F-43BE-A82D-1C14E17ADF4A}.Debug|Any CPU.ActiveCfg = Debug|Any CPU
		{81FC0E44-7C1F-43BE-A82D-1C14E17ADF4A}.Debug|Any CPU.Build.0 = Debug|Any CPU
		{81FC0E44-7C1F-43BE-A82D-1C14E17ADF4A}.Debug|x64.ActiveCfg = Debug|Any CPU
		{81FC0E44-7C1F-43BE-A82D-1C14E17ADF4A}.Debug|x64.Build.0 = Debug|Any CPU
		{81FC0E44-7C1F-43BE-A82D-1C14E17ADF4A}.Debug|x86.ActiveCfg = Debug|Any CPU
		{81FC0E44-7C1F-43BE-A82D-1C14E17ADF4A}.Debug|x86.Build.0 = Debug|Any CPU
		{81FC0E44-7C1F-43BE-A82D-1C14E17ADF4A}.Release|Any CPU.ActiveCfg = Release|Any CPU
		{81FC0E44-7C1F-43BE-A82D-1C14E17ADF4A}.Release|Any CPU.Build.0 = Release|Any CPU
		{81FC0E44-7C1F-43BE-A82D-1C14E17ADF4A}.Release|x64.ActiveCfg = Release|Any CPU
		{81FC0E44-7C1F-43BE-A82D-1C14E17ADF4A}.Release|x64.Build.0 = Release|Any CPU
		{81FC0E44-7C1F-43BE-A82D-1C14E17ADF4A}.Release|x86.ActiveCfg = Release|Any CPU
		{81FC0E44-7C1F-43BE-A82D-1C14E17ADF4A}.Release|x86.Build.0 = Release|Any CPU
	EndGlobalSection
EndGlobal
