
Microsoft Visual Studio Solution File, Format Version 12.00
# Visual Studio 15
VisualStudioVersion = 15.0.26124.0
MinimumVisualStudioVersion = 15.0.26124.0
Project("{FAE04EC0-301F-11D3-BF4B-00C04F79EFBC}") = "Penguin.Web.Local", "Penguin.Web.Local.csproj", "{4DB95D01-8424-4FD5-AA92-2950ED31CD69}"
EndProject
Project("{FAE04EC0-301F-11D3-BF4B-00C04F79EFBC}") = "Penguin.SystemExtensions.Local", "..\Penguin.SystemExtensions\Penguin.SystemExtensions.Local.csproj", "{BF3DB41C-93BE-4354-B395-CB5D99A2C209}"
EndProject
Project("{FAE04EC0-301F-11D3-BF4B-00C04F79EFBC}") = "Penguin.SystemExtensions.Abstractions.Local", "..\Penguin.SystemExtensions.Abstractions\Penguin.SystemExtensions.Abstractions.Local.csproj", "{C50C13E2-D6C1-4108-8B08-6AFDF248351C}"
EndProject
Project("{FAE04EC0-301F-11D3-BF4B-00C04F79EFBC}") = "Penguin.Extensions.String.Local", "..\Penguin.Extensions.String\Penguin.Extensions.String.Local.csproj", "{B7842FA9-64E2-4B33-9A40-3797BAB51DF7}"
EndProject
Global
	GlobalSection(SolutionConfigurationPlatforms) = preSolution
		Debug|Any CPU = Debug|Any CPU
		Debug|x64 = Debug|x64
		Debug|x86 = Debug|x86
		Release|Any CPU = Release|Any CPU
		Release|x64 = Release|x64
		Release|x86 = Release|x86
	EndGlobalSection
	GlobalSection(SolutionProperties) = preSolution
		HideSolutionNode = FALSE
	EndGlobalSection
	GlobalSection(ProjectConfigurationPlatforms) = postSolution
		{4DB95D01-8424-4FD5-AA92-2950ED31CD69}.Debug|Any CPU.ActiveCfg = Debug|Any CPU
		{4DB95D01-8424-4FD5-AA92-2950ED31CD69}.Debug|Any CPU.Build.0 = Debug|Any CPU
		{4DB95D01-8424-4FD5-AA92-2950ED31CD69}.Debug|x64.ActiveCfg = Debug|Any CPU
		{4DB95D01-8424-4FD5-AA92-2950ED31CD69}.Debug|x64.Build.0 = Debug|Any CPU
		{4DB95D01-8424-4FD5-AA92-2950ED31CD69}.Debug|x86.ActiveCfg = Debug|Any CPU
		{4DB95D01-8424-4FD5-AA92-2950ED31CD69}.Debug|x86.Build.0 = Debug|Any CPU
		{4DB95D01-8424-4FD5-AA92-2950ED31CD69}.Release|Any CPU.ActiveCfg = Release|Any CPU
		{4DB95D01-8424-4FD5-AA92-2950ED31CD69}.Release|Any CPU.Build.0 = Release|Any CPU
		{4DB95D01-8424-4FD5-AA92-2950ED31CD69}.Release|x64.ActiveCfg = Release|Any CPU
		{4DB95D01-8424-4FD5-AA92-2950ED31CD69}.Release|x64.Build.0 = Release|Any CPU
		{4DB95D01-8424-4FD5-AA92-2950ED31CD69}.Release|x86.ActiveCfg = Release|Any CPU
		{4DB95D01-8424-4FD5-AA92-2950ED31CD69}.Release|x86.Build.0 = Release|Any CPU
		{BF3DB41C-93BE-4354-B395-CB5D99A2C209}.Debug|Any CPU.ActiveCfg = Debug|Any CPU
		{BF3DB41C-93BE-4354-B395-CB5D99A2C209}.Debug|Any CPU.Build.0 = Debug|Any CPU
		{BF3DB41C-93BE-4354-B395-CB5D99A2C209}.Debug|x64.ActiveCfg = Debug|Any CPU
		{BF3DB41C-93BE-4354-B395-CB5D99A2C209}.Debug|x64.Build.0 = Debug|Any CPU
		{BF3DB41C-93BE-4354-B395-CB5D99A2C209}.Debug|x86.ActiveCfg = Debug|Any CPU
		{BF3DB41C-93BE-4354-B395-CB5D99A2C209}.Debug|x86.Build.0 = Debug|Any CPU
		{BF3DB41C-93BE-4354-B395-CB5D99A2C209}.Release|Any CPU.ActiveCfg = Release|Any CPU
		{BF3DB41C-93BE-4354-B395-CB5D99A2C209}.Release|Any CPU.Build.0 = Release|Any CPU
		{BF3DB41C-93BE-4354-B395-CB5D99A2C209}.Release|x64.ActiveCfg = Release|Any CPU
		{BF3DB41C-93BE-4354-B395-CB5D99A2C209}.Release|x64.Build.0 = Release|Any CPU
		{BF3DB41C-93BE-4354-B395-CB5D99A2C209}.Release|x86.ActiveCfg = Release|Any CPU
		{BF3DB41C-93BE-4354-B395-CB5D99A2C209}.Release|x86.Build.0 = Release|Any CPU
		{C50C13E2-D6C1-4108-8B08-6AFDF248351C}.Debug|Any CPU.ActiveCfg = Debug|Any CPU
		{C50C13E2-D6C1-4108-8B08-6AFDF248351C}.Debug|Any CPU.Build.0 = Debug|Any CPU
		{C50C13E2-D6C1-4108-8B08-6AFDF248351C}.Debug|x64.ActiveCfg = Debug|Any CPU
		{C50C13E2-D6C1-4108-8B08-6AFDF248351C}.Debug|x64.Build.0 = Debug|Any CPU
		{C50C13E2-D6C1-4108-8B08-6AFDF248351C}.Debug|x86.ActiveCfg = Debug|Any CPU
		{C50C13E2-D6C1-4108-8B08-6AFDF248351C}.Debug|x86.Build.0 = Debug|Any CPU
		{C50C13E2-D6C1-4108-8B08-6AFDF248351C}.Release|Any CPU.ActiveCfg = Release|Any CPU
		{C50C13E2-D6C1-4108-8B08-6AFDF248351C}.Release|Any CPU.Build.0 = Release|Any CPU
		{C50C13E2-D6C1-4108-8B08-6AFDF248351C}.Release|x64.ActiveCfg = Release|Any CPU
		{C50C13E2-D6C1-4108-8B08-6AFDF248351C}.Release|x64.Build.0 = Release|Any CPU
		{C50C13E2-D6C1-4108-8B08-6AFDF248351C}.Release|x86.ActiveCfg = Release|Any CPU
		{C50C13E2-D6C1-4108-8B08-6AFDF248351C}.Release|x86.Build.0 = Release|Any CPU
		{B7842FA9-64E2-4B33-9A40-3797BAB51DF7}.Debug|Any CPU.ActiveCfg = Debug|Any CPU
		{B7842FA9-64E2-4B33-9A40-3797BAB51DF7}.Debug|Any CPU.Build.0 = Debug|Any CPU
		{B7842FA9-64E2-4B33-9A40-3797BAB51DF7}.Debug|x64.ActiveCfg = Debug|Any CPU
		{B7842FA9-64E2-4B33-9A40-3797BAB51DF7}.Debug|x64.Build.0 = Debug|Any CPU
		{B7842FA9-64E2-4B33-9A40-3797BAB51DF7}.Debug|x86.ActiveCfg = Debug|Any CPU
		{B7842FA9-64E2-4B33-9A40-3797BAB51DF7}.Debug|x86.Build.0 = Debug|Any CPU
		{B7842FA9-64E2-4B33-9A40-3797BAB51DF7}.Release|Any CPU.ActiveCfg = Release|Any CPU
		{B7842FA9-64E2-4B33-9A40-3797BAB51DF7}.Release|Any CPU.Build.0 = Release|Any CPU
		{B7842FA9-64E2-4B33-9A40-3797BAB51DF7}.Release|x64.ActiveCfg = Release|Any CPU
		{B7842FA9-64E2-4B33-9A40-3797BAB51DF7}.Release|x64.Build.0 = Release|Any CPU
		{B7842FA9-64E2-4B33-9A40-3797BAB51DF7}.Release|x86.ActiveCfg = Release|Any CPU
		{B7842FA9-64E2-4B33-9A40-3797BAB51DF7}.Release|x86.Build.0 = Release|Any CPU
	EndGlobalSection
EndGlobal
